
Microsoft Visual Studio Solution File, Format Version 12.00
# Visual Studio Version 17
VisualStudioVersion = 17.8.34316.72
MinimumVisualStudioVersion = 10.0.40219.1
Project("{FAE04EC0-301F-11D3-BF4B-00C04F79EFBC}") = "PovilasASPNetProject", "PovilasASPNetProject.csproj", "{BF38C44C-3B93-4AD0-908B-2627E0FD3514}"
EndProject
Global
	GlobalSection(SolutionConfigurationPlatforms) = preSolution
		Debug|Any CPU = Debug|Any CPU
		Release|Any CPU = Release|Any CPU
	EndGlobalSection
	GlobalSection(ProjectConfigurationPlatforms) = postSolution
		{BF38C44C-3B93-4AD0-908B-2627E0FD3514}.Debug|Any CPU.ActiveCfg = Debug|Any CPU
		{BF38C44C-3B93-4AD0-908B-2627E0FD3514}.Debug|Any CPU.Build.0 = Debug|Any CPU
		{BF38C44C-3B93-4AD0-908B-2627E0FD3514}.Release|Any CPU.ActiveCfg = Release|Any CPU
		{BF38C44C-3B93-4AD0-908B-2627E0FD3514}.Release|Any CPU.Build.0 = Release|Any CPU
	EndGlobalSection
	GlobalSection(SolutionProperties) = preSolution
		HideSolutionNode = FALSE
	EndGlobalSection
	GlobalSection(ExtensibilityGlobals) = postSolution
		SolutionGuid = {6D859EFF-4EB9-46C8-8789-8FD50E7820B8}
	EndGlobalSection
EndGlobal
